
Microsoft Visual Studio Solution File, Format Version 12.00
# Visual Studio Version 17
VisualStudioVersion = 17.7.34031.279
MinimumVisualStudioVersion = 10.0.40219.1
Project("{FAE04EC0-301F-11D3-BF4B-00C04F79EFBC}") = "BooksRazorPages", "BooksRazorPages.csproj", "{947A7D61-5FE4-4353-93C9-76DC4C4C05EB}"
EndProject
Global
	GlobalSection(SolutionConfigurationPlatforms) = preSolution
		Debug|Any CPU = Debug|Any CPU
		Release|Any CPU = Release|Any CPU
	EndGlobalSection
	GlobalSection(ProjectConfigurationPlatforms) = postSolution
		{947A7D61-5FE4-4353-93C9-76DC4C4C05EB}.Debug|Any CPU.ActiveCfg = Debug|Any CPU
		{947A7D61-5FE4-4353-93C9-76DC4C4C05EB}.Debug|Any CPU.Build.0 = Debug|Any CPU
		{947A7D61-5FE4-4353-93C9-76DC4C4C05EB}.Release|Any CPU.ActiveCfg = Release|Any CPU
		{947A7D61-5FE4-4353-93C9-76DC4C4C05EB}.Release|Any CPU.Build.0 = Release|Any CPU
	EndGlobalSection
	GlobalSection(SolutionProperties) = preSolution
		HideSolutionNode = FALSE
	EndGlobalSection
	GlobalSection(ExtensibilityGlobals) = postSolution
		SolutionGuid = {D29771C1-B038-4D4A-91C3-CB10C53354EA}
	EndGlobalSection
EndGlobal
